
Microsoft Visual Studio Solution File, Format Version 12.00
# Visual Studio Version 17
VisualStudioVersion = 17.7.34202.233
MinimumVisualStudioVersion = 10.0.40219.1
Project("{FAE04EC0-301F-11D3-BF4B-00C04F79EFBC}") = "Negrea_Laura_Florina_Lab2", "Negrea_Laura_Florina_Lab2.csproj", "{796E85ED-8A5C-47F0-BF13-566A78613C15}"
EndProject
Global
	GlobalSection(SolutionConfigurationPlatforms) = preSolution
		Debug|Any CPU = Debug|Any CPU
		Release|Any CPU = Release|Any CPU
	EndGlobalSection
	GlobalSection(ProjectConfigurationPlatforms) = postSolution
		{796E85ED-8A5C-47F0-BF13-566A78613C15}.Debug|Any CPU.ActiveCfg = Debug|Any CPU
		{796E85ED-8A5C-47F0-BF13-566A78613C15}.Debug|Any CPU.Build.0 = Debug|Any CPU
		{796E85ED-8A5C-47F0-BF13-566A78613C15}.Release|Any CPU.ActiveCfg = Release|Any CPU
		{796E85ED-8A5C-47F0-BF13-566A78613C15}.Release|Any CPU.Build.0 = Release|Any CPU
	EndGlobalSection
	GlobalSection(SolutionProperties) = preSolution
		HideSolutionNode = FALSE
	EndGlobalSection
	GlobalSection(ExtensibilityGlobals) = postSolution
		SolutionGuid = {C1A486B0-2EEF-4664-849B-73FC85C7F9F6}
	EndGlobalSection
EndGlobal
